{
  "version": 4,
  "terraform_version": "1.8.4",
  "serial": 48,
  "lineage": "7b3b8ed0-238a-933d-ab5d-06a47d05de6c",
  "outputs": {
    "instance_id": {
      "value": "i-04ed39083e69e9b00",
      "type": "string"
    },
    "instance_public_ip": {
      "value": "35.93.255.210",
      "type": "string"
    },
    "private_key": {
      "value": "-----BEGIN RSA PRIVATE KEY-----\nMIIEowIBAAKCAQEAwcUr4Bj8q29SMtPkUSA0trsiY1syYh/2calrYaz6dpWo++/B\nLrrbfB3Fz6wgpuA2olrVUJJcwaAhC/6fho8yzlR4q67tq0gfTyG9IvdJGFdrv2p4\naMuV9W9VQ/aFgdEdM5RvUCQ5Et9MrMsGvO0ypNcmcQxuI46y1bqxKk8L4LbUPnYk\nPJYY3uvJhlFzxEijOukAnZfOH5aaJrqQQsmLKJzybyFQV3q2IsZIc5oN5x7sSlIB\noYj/lt0I5ouwnctOGxSoGKeEm9c39aru/GaHC9JvJZwY+petRYoP7gGWz53eGK9B\n3oAk5MeVZ4ZfMl9hyNYQ5UOe6E0ndZGXNMsl1QIDAQABAoIBAG6CBIPJvFAJLNfQ\nAGZD98w+7V28pP9ROzuXY6ZRAIag077a/VGpP4OJd0b446ZIOOBe7UkGL+A9cptk\nm5YiFNeXVTqUiPcmKrT2iOdoIEfBk7GXBxS9Bsjyta4M6hcfK4g/HzyVa/dXYmMp\nZq5YmIlqKoJOlIGy4EsELgXzDtMYcsPL1J0AIlCOJ+FkkbercIwBWmnEajEwDHIV\nsTLH1lSQd0fPJioDhp98g722mlehaXOV+U/qn+7/w8Ytm7KtLqLDuoR4ozBjydn1\nv/dKleqC7arcFKjSYk1e1MI7dGqas5sn3KVx+4rbco2hD93x8C5wvbSfG+CAW4MF\nWxQAwAECgYEAypOX2pYK6OAKXvKjY+QtP/2d4vZbNvAYBsAn+BmAFb1NHh3lIOTA\nbrVFMUD+5dt34CuIxbTKhD/LHIf3lSuKPE0RglJ5mO2qhSjJxFO9h6at8yxlrY2S\nEvGWCtlAkxqiTlJafdt6pmI4hjrhobOCYPn0/WxAXFw5FOQUN1nvt00CgYEA9N8K\n1TTeCp78pW3lYhfMNUVHyMFTr83/6DU+MDZ8Pt5VcmXLNoI5EbVfiMV+f56H6qlP\ngHy3lCaiO6vUUEQqfDdPqMlV+k2wPqa+zBqPe4ZJlDUzWrwY0HdzyTz4v/B+3I54\nxFvoVjPvg+8jqVaFrGwGCLI9csTfDwnQBIDNtKkCgYBJg4w9B+xHnF5HHJiMvJZr\nPXdZkPuDEVg2wu7+Swq/WOYugrzO1hS7WE8W07Zs5ds337SPws8ndRsZbII9gQJ2\nZaVv/Mwh4kXacvXdqGIEY0mHENqJQ/H5q/A+WZ7kg2rZL2uldsuoq8ZFeAK/sqwi\n0zLD8M/edJ1GZoqrl5i1lQKBgQDtNyVHZe+0WlBl8hBE9sjc0kC4OpDXvrgqO2oD\nSsUSIlCkgfha1cxzW0ExPiFNgEYrDdn2nts4qjR/mfYTy/VcYDjLSkAAO0KBbwdm\nslRNVcnxyZf2TkG7sfx49pgDWPeMsnhLwL1SxP1C0me5pBfa8MrnocPlatKrvtXF\nhwHAAQKBgFl9zrCTMwvMSjXDpGpvWSCwqdhcYPoWrDAVbPbj+VJQbiZdkwYDc13a\nJyEVPZWJv7DEd/o0jKqnHSYF5YMP3TyQMBmBx7ZqK41nNf09zHMs8QKsoI5pf/TR\ngU9Rd4G/HMxbJ0bWoXJveMBncYeeuKyofV3KlImdMiVd953PrfwE\n-----END RSA PRIVATE KEY-----\n",
      "type": "string",
      "sensitive": true
    },
    "security_group_id": {
      "value": "sg-09a1cb727aac2a2b6",
      "type": "string"
    }
  },
  "resources": [
    {
      "mode": "data",
      "type": "aws_subnets",
      "name": "default",
      "provider": "provider[\"registry.terraform.io/hashicorp/aws\"]",
      "instances": [
        {
          "schema_version": 0,
          "attributes": {
            "filter": [
              {
                "name": "vpc-id",
                "values": [
                  "vpc-06358c6c5c0daf8fb"
                ]
              }
            ],
            "id": "us-west-2",
            "ids": [
              "subnet-061d31e908d76a7eb",
              "subnet-08a2a4986f6ccf54c",
              "subnet-0ca1d4b01a8d3aa81",
              "subnet-073f91705b63f5bd3"
            ],
            "tags": null,
            "timeouts": null
          },
          "sensitive_attributes": []
        }
      ]
    },
    {
      "mode": "data",
      "type": "aws_vpc",
      "name": "default",
      "provider": "provider[\"registry.terraform.io/hashicorp/aws\"]",
      "instances": [
        {
          "schema_version": 0,
          "attributes": {
            "arn": "arn:aws:ec2:us-west-2:364832854819:vpc/vpc-06358c6c5c0daf8fb",
            "cidr_block": "172.31.0.0/16",
            "cidr_block_associations": [
              {
                "association_id": "vpc-cidr-assoc-0c0199c80daa722ce",
                "cidr_block": "172.31.0.0/16",
                "state": "associated"
              }
            ],
            "default": true,
            "dhcp_options_id": "dopt-0a596c16fb6e758b3",
            "enable_dns_hostnames": true,
            "enable_dns_support": true,
            "enable_network_address_usage_metrics": false,
            "filter": null,
            "id": "vpc-06358c6c5c0daf8fb",
            "instance_tenancy": "default",
            "ipv6_association_id": "",
            "ipv6_cidr_block": "",
            "main_route_table_id": "rtb-08c11121ba5975a27",
            "owner_id": "364832854819",
            "state": null,
            "tags": {},
            "timeouts": null
          },
          "sensitive_attributes": []
        }
      ]
    },
    {
      "mode": "managed",
      "type": "aws_instance",
      "name": "app_server",
      "provider": "provider[\"registry.terraform.io/hashicorp/aws\"]",
      "instances": [
        {
          "schema_version": 1,
          "attributes": {
            "ami": "ami-05a6dba9ac2da60cb",
            "arn": "arn:aws:ec2:us-west-2:364832854819:instance/i-04ed39083e69e9b00",
            "associate_public_ip_address": true,
            "availability_zone": "us-west-2d",
            "capacity_reservation_specification": [
              {
                "capacity_reservation_preference": "open",
                "capacity_reservation_target": []
              }
            ],
            "cpu_core_count": 2,
            "cpu_options": [
              {
                "amd_sev_snp": "",
                "core_count": 2,
                "threads_per_core": 1
              }
            ],
            "cpu_threads_per_core": 1,
            "credit_specification": [
              {
                "cpu_credits": "unlimited"
              }
            ],
            "disable_api_stop": false,
            "disable_api_termination": false,
            "ebs_block_device": [],
            "ebs_optimized": false,
            "enclave_options": [
              {
                "enabled": false
              }
            ],
            "ephemeral_block_device": [],
            "get_password_data": false,
            "hibernation": false,
            "host_id": "",
            "host_resource_group_arn": null,
            "iam_instance_profile": "",
            "id": "i-04ed39083e69e9b00",
            "instance_initiated_shutdown_behavior": "stop",
            "instance_state": "running",
            "instance_type": "t4g.small",
            "ipv6_address_count": 0,
            "ipv6_addresses": [],
            "key_name": "minecraft-key",
            "launch_template": [],
            "maintenance_options": [
              {
                "auto_recovery": "default"
              }
            ],
            "metadata_options": [
              {
                "http_endpoint": "enabled",
                "http_put_response_hop_limit": 2,
                "http_tokens": "required",
                "instance_metadata_tags": "disabled"
              }
            ],
            "monitoring": false,
            "network_interface": [],
            "outpost_arn": "",
            "password_data": "",
            "placement_group": "",
            "placement_partition_number": 0,
            "primary_network_interface_id": "eni-046d983d5944a8121",
            "private_dns": "ip-172-31-55-224.us-west-2.compute.internal",
            "private_dns_name_options": [
              {
                "enable_resource_name_dns_a_record": false,
                "enable_resource_name_dns_aaaa_record": false,
                "hostname_type": "ip-name"
              }
            ],
            "private_ip": "172.31.55.224",
            "public_dns": "ec2-35-93-255-210.us-west-2.compute.amazonaws.com",
            "public_ip": "35.93.255.210",
            "root_block_device": [
              {
                "delete_on_termination": true,
                "device_name": "/dev/xvda",
                "encrypted": false,
                "iops": 3000,
                "kms_key_id": "",
                "tags": {},
                "throughput": 125,
                "volume_id": "vol-03a558d46a1991598",
                "volume_size": 8,
                "volume_type": "gp3"
              }
            ],
            "secondary_private_ips": [],
            "security_groups": [
              "Minecraft-Security-Group"
            ],
            "source_dest_check": true,
            "subnet_id": "subnet-061d31e908d76a7eb",
            "tags": {
              "Name": "Minecraft-Server"
            },
            "tags_all": {
              "Name": "Minecraft-Server"
            },
            "tenancy": "default",
            "timeouts": null,
            "user_data": null,
            "user_data_base64": null,
            "user_data_replace_on_change": false,
            "volume_tags": null,
            "vpc_security_group_ids": [
              "sg-09a1cb727aac2a2b6"
            ]
          },
          "sensitive_attributes": [],
          "private": "eyJlMmJmYjczMC1lY2FhLTExZTYtOGY4OC0zNDM2M2JjN2M0YzAiOnsiY3JlYXRlIjo2MDAwMDAwMDAwMDAsImRlbGV0ZSI6MTIwMDAwMDAwMDAwMCwidXBkYXRlIjo2MDAwMDAwMDAwMDB9LCJzY2hlbWFfdmVyc2lvbiI6IjEifQ==",
          "dependencies": [
            "aws_key_pair.deployer",
            "aws_security_group.minecraft",
            "data.aws_subnets.default",
            "data.aws_vpc.default",
            "tls_private_key.example"
          ]
        }
      ]
    },
    {
      "mode": "managed",
      "type": "aws_key_pair",
      "name": "deployer",
      "provider": "provider[\"registry.terraform.io/hashicorp/aws\"]",
      "instances": [
        {
          "schema_version": 1,
          "attributes": {
            "arn": "arn:aws:ec2:us-west-2:364832854819:key-pair/minecraft-key",
            "fingerprint": "e9:c6:a2:68:28:94:dd:c9:25:cd:98:42:6d:6b:32:b4",
            "id": "minecraft-key",
            "key_name": "minecraft-key",
            "key_name_prefix": "",
            "key_pair_id": "key-0ecd765d384d69130",
            "key_type": "rsa",
            "public_key": "ssh-rsa AAAAB3NzaC1yc2EAAAADAQABAAABAQDBxSvgGPyrb1Iy0+RRIDS2uyJjWzJiH/ZxqWthrPp2laj778Euutt8HcXPrCCm4DaiWtVQklzBoCEL/p+GjzLOVHirru2rSB9PIb0i90kYV2u/anhoy5X1b1VD9oWB0R0zlG9QJDkS30ysywa87TKk1yZxDG4jjrLVurEqTwvgttQ+diQ8lhje68mGUXPESKM66QCdl84flpomupBCyYsonPJvIVBXerYixkhzmg3nHuxKUgGhiP+W3Qjmi7Cdy04bFKgYp4Sb1zf1qu78ZocL0m8lnBj6l61Fig/uAZbPnd4Yr0HegCTkx5Vnhl8yX2HI1hDlQ57oTSd1kZc0yyXV",
            "tags": {},
            "tags_all": {}
          },
          "sensitive_attributes": [],
          "private": "eyJzY2hlbWFfdmVyc2lvbiI6IjEifQ==",
          "dependencies": [
            "tls_private_key.example"
          ]
        }
      ]
    },
    {
      "mode": "managed",
      "type": "aws_security_group",
      "name": "minecraft",
      "provider": "provider[\"registry.terraform.io/hashicorp/aws\"]",
      "instances": [
        {
          "schema_version": 1,
          "attributes": {
            "arn": "arn:aws:ec2:us-west-2:364832854819:security-group/sg-09a1cb727aac2a2b6",
            "description": "Security group for Minecraft server",
            "egress": [
              {
                "cidr_blocks": [
                  "0.0.0.0/0"
                ],
                "description": "",
                "from_port": 0,
                "ipv6_cidr_blocks": [],
                "prefix_list_ids": [],
                "protocol": "-1",
                "security_groups": [],
                "self": false,
                "to_port": 0
              }
            ],
            "id": "sg-09a1cb727aac2a2b6",
            "ingress": [
              {
                "cidr_blocks": [
                  "0.0.0.0/0"
                ],
                "description": "",
                "from_port": 22,
                "ipv6_cidr_blocks": [],
                "prefix_list_ids": [],
                "protocol": "tcp",
                "security_groups": [],
                "self": false,
                "to_port": 22
              },
              {
                "cidr_blocks": [
                  "0.0.0.0/0"
                ],
                "description": "",
                "from_port": 25565,
                "ipv6_cidr_blocks": [],
                "prefix_list_ids": [],
                "protocol": "tcp",
                "security_groups": [],
                "self": false,
                "to_port": 25565
              }
            ],
            "name": "Minecraft-Security-Group",
            "name_prefix": "",
            "owner_id": "364832854819",
            "revoke_rules_on_delete": false,
            "tags": {},
            "tags_all": {},
            "timeouts": null,
            "vpc_id": "vpc-06358c6c5c0daf8fb"
          },
          "sensitive_attributes": [],
          "private": "eyJlMmJmYjczMC1lY2FhLTExZTYtOGY4OC0zNDM2M2JjN2M0YzAiOnsiY3JlYXRlIjo2MDAwMDAwMDAwMDAsImRlbGV0ZSI6OTAwMDAwMDAwMDAwfSwic2NoZW1hX3ZlcnNpb24iOiIxIn0=",
          "dependencies": [
            "data.aws_vpc.default"
          ]
        }
      ]
    },
    {
      "mode": "managed",
      "type": "tls_private_key",
      "name": "example",
      "provider": "provider[\"registry.terraform.io/hashicorp/tls\"]",
      "instances": [
        {
          "schema_version": 1,
          "attributes": {
            "algorithm": "RSA",
            "ecdsa_curve": "P224",
            "id": "f8f7769e05ceb7852497219d10b6eb32fcfb7d4d",
            "private_key_openssh": "-----BEGIN OPENSSH PRIVATE KEY-----\nb3BlbnNzaC1rZXktdjEAAAAABG5vbmUAAAAEbm9uZQAAAAAAAAABAAABFwAAAAdz\nc2gtcnNhAAAAAwEAAQAAAQEAwcUr4Bj8q29SMtPkUSA0trsiY1syYh/2calrYaz6\ndpWo++/BLrrbfB3Fz6wgpuA2olrVUJJcwaAhC/6fho8yzlR4q67tq0gfTyG9IvdJ\nGFdrv2p4aMuV9W9VQ/aFgdEdM5RvUCQ5Et9MrMsGvO0ypNcmcQxuI46y1bqxKk8L\n4LbUPnYkPJYY3uvJhlFzxEijOukAnZfOH5aaJrqQQsmLKJzybyFQV3q2IsZIc5oN\n5x7sSlIBoYj/lt0I5ouwnctOGxSoGKeEm9c39aru/GaHC9JvJZwY+petRYoP7gGW\nz53eGK9B3oAk5MeVZ4ZfMl9hyNYQ5UOe6E0ndZGXNMsl1QAAA7jByHvawch72gAA\nAAdzc2gtcnNhAAABAQDBxSvgGPyrb1Iy0+RRIDS2uyJjWzJiH/ZxqWthrPp2laj7\n78Euutt8HcXPrCCm4DaiWtVQklzBoCEL/p+GjzLOVHirru2rSB9PIb0i90kYV2u/\nanhoy5X1b1VD9oWB0R0zlG9QJDkS30ysywa87TKk1yZxDG4jjrLVurEqTwvgttQ+\ndiQ8lhje68mGUXPESKM66QCdl84flpomupBCyYsonPJvIVBXerYixkhzmg3nHuxK\nUgGhiP+W3Qjmi7Cdy04bFKgYp4Sb1zf1qu78ZocL0m8lnBj6l61Fig/uAZbPnd4Y\nr0HegCTkx5Vnhl8yX2HI1hDlQ57oTSd1kZc0yyXVAAAAAwEAAQAAAQBuggSDybxQ\nCSzX0ABmQ/fMPu1dvKT/UTs7l2OmUQCGoNO+2v1RqT+DiXdG+OOmSDjgXu1JBi/g\nPXKbZJuWIhTXl1U6lIj3Jiq09ojnaCBHwZOxlwcUvQbI8rWuDOoXHyuIPx88lWv3\nV2JjKWauWJiJaiqCTpSBsuBLBC4F8w7TGHLDy9SdACJQjifhZJG3q3CMAVppxGox\nMAxyFbEyx9ZUkHdHzyYqA4affIO9tppXoWlzlflP6p/u/8PGLZuyrS6iw7qEeKMw\nY8nZ9b/3SpXqgu2q3BSo0mJNXtTCO3RqmrObJ9ylcfuK23KNoQ/d8fAucL20nxvg\ngFuDBVsUAMABAAAAgFl9zrCTMwvMSjXDpGpvWSCwqdhcYPoWrDAVbPbj+VJQbiZd\nkwYDc13aJyEVPZWJv7DEd/o0jKqnHSYF5YMP3TyQMBmBx7ZqK41nNf09zHMs8QKs\noI5pf/TRgU9Rd4G/HMxbJ0bWoXJveMBncYeeuKyofV3KlImdMiVd953PrfwEAAAA\ngQDKk5falgro4Ape8qNj5C0//Z3i9ls28BgGwCf4GYAVvU0eHeUg5MButUUxQP7l\n23fgK4jFtMqEP8sch/eVK4o8TRGCUnmY7aqFKMnEU72Hpq3zLGWtjZIS8ZYK2UCT\nGqJOUlp923qmYjiGOuGhs4Jg+fT9bEBcXDkU5BQ3We+3TQAAAIEA9N8K1TTeCp78\npW3lYhfMNUVHyMFTr83/6DU+MDZ8Pt5VcmXLNoI5EbVfiMV+f56H6qlPgHy3lCai\nO6vUUEQqfDdPqMlV+k2wPqa+zBqPe4ZJlDUzWrwY0HdzyTz4v/B+3I54xFvoVjPv\ng+8jqVaFrGwGCLI9csTfDwnQBIDNtKkAAAAAAQID\n-----END OPENSSH PRIVATE KEY-----\n",
            "private_key_pem": "-----BEGIN RSA PRIVATE KEY-----\nMIIEowIBAAKCAQEAwcUr4Bj8q29SMtPkUSA0trsiY1syYh/2calrYaz6dpWo++/B\nLrrbfB3Fz6wgpuA2olrVUJJcwaAhC/6fho8yzlR4q67tq0gfTyG9IvdJGFdrv2p4\naMuV9W9VQ/aFgdEdM5RvUCQ5Et9MrMsGvO0ypNcmcQxuI46y1bqxKk8L4LbUPnYk\nPJYY3uvJhlFzxEijOukAnZfOH5aaJrqQQsmLKJzybyFQV3q2IsZIc5oN5x7sSlIB\noYj/lt0I5ouwnctOGxSoGKeEm9c39aru/GaHC9JvJZwY+petRYoP7gGWz53eGK9B\n3oAk5MeVZ4ZfMl9hyNYQ5UOe6E0ndZGXNMsl1QIDAQABAoIBAG6CBIPJvFAJLNfQ\nAGZD98w+7V28pP9ROzuXY6ZRAIag077a/VGpP4OJd0b446ZIOOBe7UkGL+A9cptk\nm5YiFNeXVTqUiPcmKrT2iOdoIEfBk7GXBxS9Bsjyta4M6hcfK4g/HzyVa/dXYmMp\nZq5YmIlqKoJOlIGy4EsELgXzDtMYcsPL1J0AIlCOJ+FkkbercIwBWmnEajEwDHIV\nsTLH1lSQd0fPJioDhp98g722mlehaXOV+U/qn+7/w8Ytm7KtLqLDuoR4ozBjydn1\nv/dKleqC7arcFKjSYk1e1MI7dGqas5sn3KVx+4rbco2hD93x8C5wvbSfG+CAW4MF\nWxQAwAECgYEAypOX2pYK6OAKXvKjY+QtP/2d4vZbNvAYBsAn+BmAFb1NHh3lIOTA\nbrVFMUD+5dt34CuIxbTKhD/LHIf3lSuKPE0RglJ5mO2qhSjJxFO9h6at8yxlrY2S\nEvGWCtlAkxqiTlJafdt6pmI4hjrhobOCYPn0/WxAXFw5FOQUN1nvt00CgYEA9N8K\n1TTeCp78pW3lYhfMNUVHyMFTr83/6DU+MDZ8Pt5VcmXLNoI5EbVfiMV+f56H6qlP\ngHy3lCaiO6vUUEQqfDdPqMlV+k2wPqa+zBqPe4ZJlDUzWrwY0HdzyTz4v/B+3I54\nxFvoVjPvg+8jqVaFrGwGCLI9csTfDwnQBIDNtKkCgYBJg4w9B+xHnF5HHJiMvJZr\nPXdZkPuDEVg2wu7+Swq/WOYugrzO1hS7WE8W07Zs5ds337SPws8ndRsZbII9gQJ2\nZaVv/Mwh4kXacvXdqGIEY0mHENqJQ/H5q/A+WZ7kg2rZL2uldsuoq8ZFeAK/sqwi\n0zLD8M/edJ1GZoqrl5i1lQKBgQDtNyVHZe+0WlBl8hBE9sjc0kC4OpDXvrgqO2oD\nSsUSIlCkgfha1cxzW0ExPiFNgEYrDdn2nts4qjR/mfYTy/VcYDjLSkAAO0KBbwdm\nslRNVcnxyZf2TkG7sfx49pgDWPeMsnhLwL1SxP1C0me5pBfa8MrnocPlatKrvtXF\nhwHAAQKBgFl9zrCTMwvMSjXDpGpvWSCwqdhcYPoWrDAVbPbj+VJQbiZdkwYDc13a\nJyEVPZWJv7DEd/o0jKqnHSYF5YMP3TyQMBmBx7ZqK41nNf09zHMs8QKsoI5pf/TR\ngU9Rd4G/HMxbJ0bWoXJveMBncYeeuKyofV3KlImdMiVd953PrfwE\n-----END RSA PRIVATE KEY-----\n",
            "private_key_pem_pkcs8": "-----BEGIN PRIVATE KEY-----\nMIIEvQIBADANBgkqhkiG9w0BAQEFAASCBKcwggSjAgEAAoIBAQDBxSvgGPyrb1Iy\n0+RRIDS2uyJjWzJiH/ZxqWthrPp2laj778Euutt8HcXPrCCm4DaiWtVQklzBoCEL\n/p+GjzLOVHirru2rSB9PIb0i90kYV2u/anhoy5X1b1VD9oWB0R0zlG9QJDkS30ys\nywa87TKk1yZxDG4jjrLVurEqTwvgttQ+diQ8lhje68mGUXPESKM66QCdl84flpom\nupBCyYsonPJvIVBXerYixkhzmg3nHuxKUgGhiP+W3Qjmi7Cdy04bFKgYp4Sb1zf1\nqu78ZocL0m8lnBj6l61Fig/uAZbPnd4Yr0HegCTkx5Vnhl8yX2HI1hDlQ57oTSd1\nkZc0yyXVAgMBAAECggEAboIEg8m8UAks19AAZkP3zD7tXbyk/1E7O5djplEAhqDT\nvtr9Uak/g4l3Rvjjpkg44F7tSQYv4D1ym2SbliIU15dVOpSI9yYqtPaI52ggR8GT\nsZcHFL0GyPK1rgzqFx8riD8fPJVr91diYylmrliYiWoqgk6UgbLgSwQuBfMO0xhy\nw8vUnQAiUI4n4WSRt6twjAFaacRqMTAMchWxMsfWVJB3R88mKgOGn3yDvbaaV6Fp\nc5X5T+qf7v/Dxi2bsq0uosO6hHijMGPJ2fW/90qV6oLtqtwUqNJiTV7Uwjt0apqz\nmyfcpXH7ittyjaEP3fHwLnC9tJ8b4IBbgwVbFADAAQKBgQDKk5falgro4Ape8qNj\n5C0//Z3i9ls28BgGwCf4GYAVvU0eHeUg5MButUUxQP7l23fgK4jFtMqEP8sch/eV\nK4o8TRGCUnmY7aqFKMnEU72Hpq3zLGWtjZIS8ZYK2UCTGqJOUlp923qmYjiGOuGh\ns4Jg+fT9bEBcXDkU5BQ3We+3TQKBgQD03wrVNN4KnvylbeViF8w1RUfIwVOvzf/o\nNT4wNnw+3lVyZcs2gjkRtV+IxX5/nofqqU+AfLeUJqI7q9RQRCp8N0+oyVX6TbA+\npr7MGo97hkmUNTNavBjQd3PJPPi/8H7cjnjEW+hWM++D7yOpVoWsbAYIsj1yxN8P\nCdAEgM20qQKBgEmDjD0H7EecXkccmIy8lms9d1mQ+4MRWDbC7v5LCr9Y5i6CvM7W\nFLtYTxbTtmzl2zfftI/Czyd1Gxlsgj2BAnZlpW/8zCHiRdpy9d2oYgRjSYcQ2olD\n8fmr8D5ZnuSDatkva6V2y6irxkV4Ar+yrCLTMsPwz950nUZmiquXmLWVAoGBAO03\nJUdl77RaUGXyEET2yNzSQLg6kNe+uCo7agNKxRIiUKSB+FrVzHNbQTE+IU2ARisN\n2fae2ziqNH+Z9hPL9VxgOMtKQAA7QoFvB2ayVE1VyfHJl/ZOQbux/Hj2mANY94yy\neEvAvVLE/ULSZ7mkF9rwyuehw+Vq0qu+1cWHAcABAoGAWX3OsJMzC8xKNcOkam9Z\nILCp2Fxg+hasMBVs9uP5UlBuJl2TBgNzXdonIRU9lYm/sMR3+jSMqqcdJgXlgw/d\nPJAwGYHHtmorjWc1/T3McyzxAqygjml/9NGBT1F3gb8czFsnRtahcm94wGdxh564\nrKh9XcqUiZ0yJV33nc+t/AQ=\n-----END PRIVATE KEY-----\n",
            "public_key_fingerprint_md5": "f6:c1:ac:a7:4f:05:a6:95:f4:97:c3:22:80:c9:ef:a6",
            "public_key_fingerprint_sha256": "SHA256:6EcnW2iPEdl/HV8/YrS5e7NWhqZv0M4k2V7x56qHtuA",
            "public_key_openssh": "ssh-rsa AAAAB3NzaC1yc2EAAAADAQABAAABAQDBxSvgGPyrb1Iy0+RRIDS2uyJjWzJiH/ZxqWthrPp2laj778Euutt8HcXPrCCm4DaiWtVQklzBoCEL/p+GjzLOVHirru2rSB9PIb0i90kYV2u/anhoy5X1b1VD9oWB0R0zlG9QJDkS30ysywa87TKk1yZxDG4jjrLVurEqTwvgttQ+diQ8lhje68mGUXPESKM66QCdl84flpomupBCyYsonPJvIVBXerYixkhzmg3nHuxKUgGhiP+W3Qjmi7Cdy04bFKgYp4Sb1zf1qu78ZocL0m8lnBj6l61Fig/uAZbPnd4Yr0HegCTkx5Vnhl8yX2HI1hDlQ57oTSd1kZc0yyXV\n",
            "public_key_pem": "-----BEGIN PUBLIC KEY-----\nMIIBIjANBgkqhkiG9w0BAQEFAAOCAQ8AMIIBCgKCAQEAwcUr4Bj8q29SMtPkUSA0\ntrsiY1syYh/2calrYaz6dpWo++/BLrrbfB3Fz6wgpuA2olrVUJJcwaAhC/6fho8y\nzlR4q67tq0gfTyG9IvdJGFdrv2p4aMuV9W9VQ/aFgdEdM5RvUCQ5Et9MrMsGvO0y\npNcmcQxuI46y1bqxKk8L4LbUPnYkPJYY3uvJhlFzxEijOukAnZfOH5aaJrqQQsmL\nKJzybyFQV3q2IsZIc5oN5x7sSlIBoYj/lt0I5ouwnctOGxSoGKeEm9c39aru/GaH\nC9JvJZwY+petRYoP7gGWz53eGK9B3oAk5MeVZ4ZfMl9hyNYQ5UOe6E0ndZGXNMsl\n1QIDAQAB\n-----END PUBLIC KEY-----\n",
            "rsa_bits": 2048
          },
          "sensitive_attributes": [
            [
              {
                "type": "get_attr",
                "value": "private_key_openssh"
              }
            ],
            [
              {
                "type": "get_attr",
                "value": "private_key_pem_pkcs8"
              }
            ],
            [
              {
                "type": "get_attr",
                "value": "private_key_pem"
              }
            ]
          ]
        }
      ]
    }
  ],
  "check_results": null
}
